
Microsoft Visual Studio Solution File, Format Version 12.00
# Visual Studio Version 16
VisualStudioVersion = 16.0.29911.84
MinimumVisualStudioVersion = 10.0.40219.1
Project("{9A19103F-16F7-4668-BE54-9A1E7A4F7556}") = "LessPaper.Shared", "LessPaper.Shared\LessPaper.Shared.csproj", "{A5D7BF85-40A5-4EB9-8D0A-0E7AC30A6C54}"
EndProject
Project("{9A19103F-16F7-4668-BE54-9A1E7A4F7556}") = "LessPaper.Shared.UnitTest", "LessPaper.Shared.UnitTest\LessPaper.Shared.UnitTest.csproj", "{F60E85B6-C3D3-4624-842C-C7ABBC386F02}"
EndProject
Project("{2150E333-8FDC-42A3-9474-1A3956D46DE8}") = "Tests", "Tests", "{DC13DF52-7699-440E-A281-9AF3DE9A3359}"
EndProject
Project("{2150E333-8FDC-42A3-9474-1A3956D46DE8}") = "IntegrationTests", "IntegrationTests", "{2CC1C9C1-38FB-404F-9815-27822E7D05A2}"
EndProject
Project("{2150E333-8FDC-42A3-9474-1A3956D46DE8}") = "UnitTests", "UnitTests", "{3AFE22D7-ABCE-4016-B78D-3D97B90C802B}"
EndProject
Project("{2150E333-8FDC-42A3-9474-1A3956D46DE8}") = "Services", "Services", "{8171F9E4-E197-40D6-A926-755DA64A5404}"
EndProject
Project("{2150E333-8FDC-42A3-9474-1A3956D46DE8}") = "Libraries", "Libraries", "{C3F24469-599C-4DA7-980F-D7D2BDB09C02}"
EndProject
Project("{9A19103F-16F7-4668-BE54-9A1E7A4F7556}") = "LessPaper.APIGateway", "LessPaper.APIGateway\LessPaper.APIGateway.csproj", "{0783D049-9E51-4047-B625-696C03272EA8}"
EndProject
Project("{9A19103F-16F7-4668-BE54-9A1E7A4F7556}") = "LessPaper.APIGateway.UnitTest", "LessPaper.APIGateway.UnitTest\LessPaper.APIGateway.UnitTest.csproj", "{1AFB6AC9-AEA9-48AB-AD16-7FEB31462C27}"
EndProject
Project("{9A19103F-16F7-4668-BE54-9A1E7A4F7556}") = "LessPaper.Guard.Database.MongoDb", "LessPaper.Guard.Database.MongoDb\LessPaper.Guard.Database.MongoDb.csproj", "{494D8CE4-4092-4CF3-8147-7854ED6F8958}"
EndProject
Project("{9A19103F-16F7-4668-BE54-9A1E7A4F7556}") = "LessPaper.Guard.Database.MongoDb.IntegrationTest", "LessPaper.Guard.Database.MongoDb.IntegrationTest\LessPaper.Guard.Database.MongoDb.IntegrationTest.csproj", "{9B7A4139-FB11-4F16-8FD2-38A8BCC300E9}"
EndProject
Project("{9A19103F-16F7-4668-BE54-9A1E7A4F7556}") = "LessPaper.GuardService", "LessPaper.GuardService\LessPaper.GuardService.csproj", "{8E8B4AC1-BBBE-4DA7-89F7-79557BF5B159}"
EndProject
Project("{9A19103F-16F7-4668-BE54-9A1E7A4F7556}") = "LessPaper.WriteService", "LessPaper.WriteService\LessPaper.WriteService.csproj", "{A5F91963-C2C0-4714-BD6A-92774AF5D53D}"
EndProject
Project("{9A19103F-16F7-4668-BE54-9A1E7A4F7556}") = "LessPaper.WriteService.UnitTest", "LessPaper.WriteService.UnitTest\LessPaper.WriteService.UnitTest.csproj", "{4A1F07D9-54F1-4C2F-BFDF-72799EEDBC0D}"
EndProject
Project("{9A19103F-16F7-4668-BE54-9A1E7A4F7556}") = "LessPaper.Shared.MinIO", "LessPaper.Shared.MinIO\LessPaper.Shared.MinIO.csproj", "{157CB370-0BA2-4778-A787-E5A53A7B7C18}"
EndProject
Project("{9A19103F-16F7-4668-BE54-9A1E7A4F7556}") = "LessPaper.Shared.MinIO.IntegrationTest", "LessPaper.Shared.MinIO.IntegrationTest\LessPaper.Shared.MinIO.IntegrationTest.csproj", "{E0EAE2A5-4A37-4067-B96F-6B81D9F8438F}"
EndProject
Project("{9A19103F-16F7-4668-BE54-9A1E7A4F7556}") = "LessPaper.Shared.MinIO.UnitTest", "LessPaper.Shared.MinIO.UnitTest\LessPaper.Shared.MinIO.UnitTest.csproj", "{86988470-FF2A-4861-835B-0B8B4738722D}"
EndProject
Project("{9A19103F-16F7-4668-BE54-9A1E7A4F7556}") = "LessPaper.Shared.Queueing", "LessPaper.Shared.Queueing\LessPaper.Shared.Queueing.csproj", "{44519DF4-28EC-4B52-BE8E-9EE777F7B635}"
EndProject
Project("{9A19103F-16F7-4668-BE54-9A1E7A4F7556}") = "LessPaper.Shared.Queueing.IntegrationTest", "LessPaper.Shared.Queueing.IntegrationTest\LessPaper.Shared.Queueing.IntegrationTest.csproj", "{1150F175-5E9F-498D-AD32-ADD69515CD1C}"
EndProject
Project("{9A19103F-16F7-4668-BE54-9A1E7A4F7556}") = "LessPaper.Shared.Queueing.UnitTest", "LessPaper.Shared.Queueing.UnitTest\LessPaper.Shared.Queueing.UnitTest.csproj", "{6D15FDC7-F1D3-4559-85BD-5A96DF16E0DC}"
EndProject
Project("{2150E333-8FDC-42A3-9474-1A3956D46DE8}") = "Solution Items", "Solution Items", "{397851A5-09FC-46EA-B5F3-ADADCB9144C0}"
	ProjectSection(SolutionItems) = preProject
		.gitignore = .gitignore
		LICENSE = LICENSE
		README.md = README.md
	EndProjectSection
EndProject
Project("{9A19103F-16F7-4668-BE54-9A1E7A4F7556}") = "LessPaper.Shared.Rest", "LessPaper.Shared.Rest\LessPaper.Shared.Rest.csproj", "{1F2C5D7C-ABA3-4590-B19E-83B2AB804A62}"
EndProject
Global
	GlobalSection(SolutionConfigurationPlatforms) = preSolution
		Debug|Any CPU = Debug|Any CPU
		Release|Any CPU = Release|Any CPU
	EndGlobalSection
	GlobalSection(ProjectConfigurationPlatforms) = postSolution
		{A5D7BF85-40A5-4EB9-8D0A-0E7AC30A6C54}.Debug|Any CPU.ActiveCfg = Debug|Any CPU
		{A5D7BF85-40A5-4EB9-8D0A-0E7AC30A6C54}.Debug|Any CPU.Build.0 = Debug|Any CPU
		{A5D7BF85-40A5-4EB9-8D0A-0E7AC30A6C54}.Release|Any CPU.ActiveCfg = Release|Any CPU
		{A5D7BF85-40A5-4EB9-8D0A-0E7AC30A6C54}.Release|Any CPU.Build.0 = Release|Any CPU
		{F60E85B6-C3D3-4624-842C-C7ABBC386F02}.Debug|Any CPU.ActiveCfg = Debug|Any CPU
		{F60E85B6-C3D3-4624-842C-C7ABBC386F02}.Debug|Any CPU.Build.0 = Debug|Any CPU
		{F60E85B6-C3D3-4624-842C-C7ABBC386F02}.Release|Any CPU.ActiveCfg = Release|Any CPU
		{F60E85B6-C3D3-4624-842C-C7ABBC386F02}.Release|Any CPU.Build.0 = Release|Any CPU
		{0783D049-9E51-4047-B625-696C03272EA8}.Debug|Any CPU.ActiveCfg = Debug|Any CPU
		{0783D049-9E51-4047-B625-696C03272EA8}.Debug|Any CPU.Build.0 = Debug|Any CPU
		{0783D049-9E51-4047-B625-696C03272EA8}.Release|Any CPU.ActiveCfg = Release|Any CPU
		{0783D049-9E51-4047-B625-696C03272EA8}.Release|Any CPU.Build.0 = Release|Any CPU
		{1AFB6AC9-AEA9-48AB-AD16-7FEB31462C27}.Debug|Any CPU.ActiveCfg = Debug|Any CPU
		{1AFB6AC9-AEA9-48AB-AD16-7FEB31462C27}.Debug|Any CPU.Build.0 = Debug|Any CPU
		{1AFB6AC9-AEA9-48AB-AD16-7FEB31462C27}.Release|Any CPU.ActiveCfg = Release|Any CPU
		{1AFB6AC9-AEA9-48AB-AD16-7FEB31462C27}.Release|Any CPU.Build.0 = Release|Any CPU
		{494D8CE4-4092-4CF3-8147-7854ED6F8958}.Debug|Any CPU.ActiveCfg = Debug|Any CPU
		{494D8CE4-4092-4CF3-8147-7854ED6F8958}.Debug|Any CPU.Build.0 = Debug|Any CPU
		{494D8CE4-4092-4CF3-8147-7854ED6F8958}.Release|Any CPU.ActiveCfg = Release|Any CPU
		{494D8CE4-4092-4CF3-8147-7854ED6F8958}.Release|Any CPU.Build.0 = Release|Any CPU
		{9B7A4139-FB11-4F16-8FD2-38A8BCC300E9}.Debug|Any CPU.ActiveCfg = Debug|Any CPU
		{9B7A4139-FB11-4F16-8FD2-38A8BCC300E9}.Debug|Any CPU.Build.0 = Debug|Any CPU
		{9B7A4139-FB11-4F16-8FD2-38A8BCC300E9}.Release|Any CPU.ActiveCfg = Release|Any CPU
		{9B7A4139-FB11-4F16-8FD2-38A8BCC300E9}.Release|Any CPU.Build.0 = Release|Any CPU
		{8E8B4AC1-BBBE-4DA7-89F7-79557BF5B159}.Debug|Any CPU.ActiveCfg = Debug|Any CPU
		{8E8B4AC1-BBBE-4DA7-89F7-79557BF5B159}.Debug|Any CPU.Build.0 = Debug|Any CPU
		{8E8B4AC1-BBBE-4DA7-89F7-79557BF5B159}.Release|Any CPU.ActiveCfg = Release|Any CPU
		{8E8B4AC1-BBBE-4DA7-89F7-79557BF5B159}.Release|Any CPU.Build.0 = Release|Any CPU
		{A5F91963-C2C0-4714-BD6A-92774AF5D53D}.Debug|Any CPU.ActiveCfg = Debug|Any CPU
		{A5F91963-C2C0-4714-BD6A-92774AF5D53D}.Debug|Any CPU.Build.0 = Debug|Any CPU
		{A5F91963-C2C0-4714-BD6A-92774AF5D53D}.Release|Any CPU.ActiveCfg = Release|Any CPU
		{A5F91963-C2C0-4714-BD6A-92774AF5D53D}.Release|Any CPU.Build.0 = Release|Any CPU
		{4A1F07D9-54F1-4C2F-BFDF-72799EEDBC0D}.Debug|Any CPU.ActiveCfg = Debug|Any CPU
		{4A1F07D9-54F1-4C2F-BFDF-72799EEDBC0D}.Debug|Any CPU.Build.0 = Debug|Any CPU
		{4A1F07D9-54F1-4C2F-BFDF-72799EEDBC0D}.Release|Any CPU.ActiveCfg = Release|Any CPU
		{4A1F07D9-54F1-4C2F-BFDF-72799EEDBC0D}.Release|Any CPU.Build.0 = Release|Any CPU
		{157CB370-0BA2-4778-A787-E5A53A7B7C18}.Debug|Any CPU.ActiveCfg = Debug|Any CPU
		{157CB370-0BA2-4778-A787-E5A53A7B7C18}.Debug|Any CPU.Build.0 = Debug|Any CPU
		{157CB370-0BA2-4778-A787-E5A53A7B7C18}.Release|Any CPU.ActiveCfg = Release|Any CPU
		{157CB370-0BA2-4778-A787-E5A53A7B7C18}.Release|Any CPU.Build.0 = Release|Any CPU
		{E0EAE2A5-4A37-4067-B96F-6B81D9F8438F}.Debug|Any CPU.ActiveCfg = Debug|Any CPU
		{E0EAE2A5-4A37-4067-B96F-6B81D9F8438F}.Debug|Any CPU.Build.0 = Debug|Any CPU
		{E0EAE2A5-4A37-4067-B96F-6B81D9F8438F}.Release|Any CPU.ActiveCfg = Release|Any CPU
		{E0EAE2A5-4A37-4067-B96F-6B81D9F8438F}.Release|Any CPU.Build.0 = Release|Any CPU
		{86988470-FF2A-4861-835B-0B8B4738722D}.Debug|Any CPU.ActiveCfg = Debug|Any CPU
		{86988470-FF2A-4861-835B-0B8B4738722D}.Debug|Any CPU.Build.0 = Debug|Any CPU
		{86988470-FF2A-4861-835B-0B8B4738722D}.Release|Any CPU.ActiveCfg = Release|Any CPU
		{86988470-FF2A-4861-835B-0B8B4738722D}.Release|Any CPU.Build.0 = Release|Any CPU
		{44519DF4-28EC-4B52-BE8E-9EE777F7B635}.Debug|Any CPU.ActiveCfg = Debug|Any CPU
		{44519DF4-28EC-4B52-BE8E-9EE777F7B635}.Debug|Any CPU.Build.0 = Debug|Any CPU
		{44519DF4-28EC-4B52-BE8E-9EE777F7B635}.Release|Any CPU.ActiveCfg = Release|Any CPU
		{44519DF4-28EC-4B52-BE8E-9EE777F7B635}.Release|Any CPU.Build.0 = Release|Any CPU
		{1150F175-5E9F-498D-AD32-ADD69515CD1C}.Debug|Any CPU.ActiveCfg = Debug|Any CPU
		{1150F175-5E9F-498D-AD32-ADD69515CD1C}.Debug|Any CPU.Build.0 = Debug|Any CPU
		{1150F175-5E9F-498D-AD32-ADD69515CD1C}.Release|Any CPU.ActiveCfg = Release|Any CPU
		{1150F175-5E9F-498D-AD32-ADD69515CD1C}.Release|Any CPU.Build.0 = Release|Any CPU
		{6D15FDC7-F1D3-4559-85BD-5A96DF16E0DC}.Debug|Any CPU.ActiveCfg = Debug|Any CPU
		{6D15FDC7-F1D3-4559-85BD-5A96DF16E0DC}.Debug|Any CPU.Build.0 = Debug|Any CPU
		{6D15FDC7-F1D3-4559-85BD-5A96DF16E0DC}.Release|Any CPU.ActiveCfg = Release|Any CPU
		{6D15FDC7-F1D3-4559-85BD-5A96DF16E0DC}.Release|Any CPU.Build.0 = Release|Any CPU
		{1F2C5D7C-ABA3-4590-B19E-83B2AB804A62}.Debug|Any CPU.ActiveCfg = Debug|Any CPU
		{1F2C5D7C-ABA3-4590-B19E-83B2AB804A62}.Debug|Any CPU.Build.0 = Debug|Any CPU
		{1F2C5D7C-ABA3-4590-B19E-83B2AB804A62}.Release|Any CPU.ActiveCfg = Release|Any CPU
		{1F2C5D7C-ABA3-4590-B19E-83B2AB804A62}.Release|Any CPU.Build.0 = Release|Any CPU
	EndGlobalSection
	GlobalSection(SolutionProperties) = preSolution
		HideSolutionNode = FALSE
	EndGlobalSection
	GlobalSection(NestedProjects) = preSolution
		{A5D7BF85-40A5-4EB9-8D0A-0E7AC30A6C54} = {C3F24469-599C-4DA7-980F-D7D2BDB09C02}
		{F60E85B6-C3D3-4624-842C-C7ABBC386F02} = {3AFE22D7-ABCE-4016-B78D-3D97B90C802B}
		{2CC1C9C1-38FB-404F-9815-27822E7D05A2} = {DC13DF52-7699-440E-A281-9AF3DE9A3359}
		{3AFE22D7-ABCE-4016-B78D-3D97B90C802B} = {DC13DF52-7699-440E-A281-9AF3DE9A3359}
		{0783D049-9E51-4047-B625-696C03272EA8} = {8171F9E4-E197-40D6-A926-755DA64A5404}
		{1AFB6AC9-AEA9-48AB-AD16-7FEB31462C27} = {3AFE22D7-ABCE-4016-B78D-3D97B90C802B}
		{494D8CE4-4092-4CF3-8147-7854ED6F8958} = {C3F24469-599C-4DA7-980F-D7D2BDB09C02}
		{9B7A4139-FB11-4F16-8FD2-38A8BCC300E9} = {2CC1C9C1-38FB-404F-9815-27822E7D05A2}
		{8E8B4AC1-BBBE-4DA7-89F7-79557BF5B159} = {8171F9E4-E197-40D6-A926-755DA64A5404}
		{A5F91963-C2C0-4714-BD6A-92774AF5D53D} = {8171F9E4-E197-40D6-A926-755DA64A5404}
		{4A1F07D9-54F1-4C2F-BFDF-72799EEDBC0D} = {3AFE22D7-ABCE-4016-B78D-3D97B90C802B}
		{157CB370-0BA2-4778-A787-E5A53A7B7C18} = {C3F24469-599C-4DA7-980F-D7D2BDB09C02}
		{E0EAE2A5-4A37-4067-B96F-6B81D9F8438F} = {2CC1C9C1-38FB-404F-9815-27822E7D05A2}
		{86988470-FF2A-4861-835B-0B8B4738722D} = {3AFE22D7-ABCE-4016-B78D-3D97B90C802B}
		{44519DF4-28EC-4B52-BE8E-9EE777F7B635} = {C3F24469-599C-4DA7-980F-D7D2BDB09C02}
		{1150F175-5E9F-498D-AD32-ADD69515CD1C} = {2CC1C9C1-38FB-404F-9815-27822E7D05A2}
		{6D15FDC7-F1D3-4559-85BD-5A96DF16E0DC} = {3AFE22D7-ABCE-4016-B78D-3D97B90C802B}
		{1F2C5D7C-ABA3-4590-B19E-83B2AB804A62} = {C3F24469-599C-4DA7-980F-D7D2BDB09C02}
	EndGlobalSection
	GlobalSection(ExtensibilityGlobals) = postSolution
		SolutionGuid = {0C04DF0E-906A-4613-A41C-3EFE81745410}
	EndGlobalSection
EndGlobal
